// !$*UTF8*$!
{
	archiveVersion = 1;
	classes = {
	};
	objectVersion = 50;
	objects = {

/* Begin PBXBuildFile section */
		0C2D12D12428681400182AD1 /* AppDelegate.swift in Sources */ = {isa = PBXBuildFile; fileRef = 0C2D12D02428681400182AD1 /* AppDelegate.swift */; };
		0C2D12D32428681400182AD1 /* SceneDelegate.swift in Sources */ = {isa = PBXBuildFile; fileRef = 0C2D12D22428681400182AD1 /* SceneDelegate.swift */; };
		0C2D12D82428681400182AD1 /* Main.storyboard in Resources */ = {isa = PBXBuildFile; fileRef = 0C2D12D62428681400182AD1 /* Main.storyboard */; };
		0C2D12DA2428681700182AD1 /* Assets.xcassets in Resources */ = {isa = PBXBuildFile; fileRef = 0C2D12D92428681700182AD1 /* Assets.xcassets */; };
		0C2D12DD2428681700182AD1 /* LaunchScreen.storyboard in Resources */ = {isa = PBXBuildFile; fileRef = 0C2D12DB2428681700182AD1 /* LaunchScreen.storyboard */; };
		0C6F34052431C33C00A48548 /* MovieDetailedViewController.swift in Sources */ = {isa = PBXBuildFile; fileRef = 0C6F34042431C33C00A48548 /* MovieDetailedViewController.swift */; };
		0C6F34072431C35300A48548 /* MovieDetailedViewModel.swift in Sources */ = {isa = PBXBuildFile; fileRef = 0C6F34062431C35300A48548 /* MovieDetailedViewModel.swift */; };
		0C6F340C2431D3AB00A48548 /* MovieDetailedHeaderView.swift in Sources */ = {isa = PBXBuildFile; fileRef = 0C6F340B2431D3AB00A48548 /* MovieDetailedHeaderView.swift */; };
		0C6F34142431EB7100A48548 /* CellConfigurable.swift in Sources */ = {isa = PBXBuildFile; fileRef = 0C6F34132431EB7100A48548 /* CellConfigurable.swift */; };
		0C6F34192431ED5500A48548 /* MainInfoCell.swift in Sources */ = {isa = PBXBuildFile; fileRef = 0C6F34172431ED5500A48548 /* MainInfoCell.swift */; };
		0C6F341A2431ED5500A48548 /* MainInfoCell.xib in Resources */ = {isa = PBXBuildFile; fileRef = 0C6F34182431ED5500A48548 /* MainInfoCell.xib */; };
		0C6F341D2431ED6800A48548 /* RatingCell.swift in Sources */ = {isa = PBXBuildFile; fileRef = 0C6F341B2431ED6800A48548 /* RatingCell.swift */; };
		0C6F341E2431ED6800A48548 /* RatingCell.xib in Resources */ = {isa = PBXBuildFile; fileRef = 0C6F341C2431ED6800A48548 /* RatingCell.xib */; };
		0C6F34232431ED9A00A48548 /* SummaryCell.swift in Sources */ = {isa = PBXBuildFile; fileRef = 0C6F34212431ED9A00A48548 /* SummaryCell.swift */; };
		0C6F34242431ED9A00A48548 /* SummaryCell.xib in Resources */ = {isa = PBXBuildFile; fileRef = 0C6F34222431ED9A00A48548 /* SummaryCell.xib */; };
		0C6F34272431EDB200A48548 /* CelebrityCell.swift in Sources */ = {isa = PBXBuildFile; fileRef = 0C6F34252431EDB200A48548 /* CelebrityCell.swift */; };
		0C6F34282431EDB200A48548 /* CelebrityCell.xib in Resources */ = {isa = PBXBuildFile; fileRef = 0C6F34262431EDB200A48548 /* CelebrityCell.xib */; };
		0C6F342B2431EDC400A48548 /* PhotosCell.swift in Sources */ = {isa = PBXBuildFile; fileRef = 0C6F34292431EDC400A48548 /* PhotosCell.swift */; };
		0C6F342C2431EDC400A48548 /* PhotosCell.xib in Resources */ = {isa = PBXBuildFile; fileRef = 0C6F342A2431EDC400A48548 /* PhotosCell.xib */; };
		0C6F342F2431EDEC00A48548 /* PopularReviewCell.swift in Sources */ = {isa = PBXBuildFile; fileRef = 0C6F342D2431EDEC00A48548 /* PopularReviewCell.swift */; };
		0C6F34302431EDEC00A48548 /* PopularReviewCell.xib in Resources */ = {isa = PBXBuildFile; fileRef = 0C6F342E2431EDEC00A48548 /* PopularReviewCell.xib */; };
		0C7B3791242C4D49002E1E8F /* MovieListViewModel.swift in Sources */ = {isa = PBXBuildFile; fileRef = 0C7B3790242C4D49002E1E8F /* MovieListViewModel.swift */; };
		0C7B3794242C4E5C002E1E8F /* ViewModelType.swift in Sources */ = {isa = PBXBuildFile; fileRef = 0C7B3793242C4E5C002E1E8F /* ViewModelType.swift */; };
		0C7B379A242C4F51002E1E8F /* ScrollableItemCell.swift in Sources */ = {isa = PBXBuildFile; fileRef = 0C7B3797242C4F51002E1E8F /* ScrollableItemCell.swift */; };
		0C7B379B242C4F51002E1E8F /* ScrollableItemCell.xib in Resources */ = {isa = PBXBuildFile; fileRef = 0C7B3798242C4F51002E1E8F /* ScrollableItemCell.xib */; };
		0C7B379C242C4F51002E1E8F /* ScrollableTabView.swift in Sources */ = {isa = PBXBuildFile; fileRef = 0C7B3799242C4F51002E1E8F /* ScrollableTabView.swift */; };
		0C7B379F242C5322002E1E8F /* ExtenUIColor.swift in Sources */ = {isa = PBXBuildFile; fileRef = 0C7B379E242C5322002E1E8F /* ExtenUIColor.swift */; };
		0C7B37A1242C539A002E1E8F /* ExtenString.swift in Sources */ = {isa = PBXBuildFile; fileRef = 0C7B37A0242C539A002E1E8F /* ExtenString.swift */; };
		0C7B37A3242C544D002E1E8F /* ExtenObservableType.swift in Sources */ = {isa = PBXBuildFile; fileRef = 0C7B37A2242C544D002E1E8F /* ExtenObservableType.swift */; };
		0C7B37A7242C792F002E1E8F /* MovieListCell.swift in Sources */ = {isa = PBXBuildFile; fileRef = 0C7B37A5242C792F002E1E8F /* MovieListCell.swift */; };
		0C7B37A8242C792F002E1E8F /* MovieListCell.xib in Resources */ = {isa = PBXBuildFile; fileRef = 0C7B37A6242C792F002E1E8F /* MovieListCell.xib */; };
		0C7B37AB242C9436002E1E8F /* MovieList.swift in Sources */ = {isa = PBXBuildFile; fileRef = 0C7B37AA242C9436002E1E8F /* MovieList.swift */; };
		0C7B37AD242C9879002E1E8F /* MovieSubject.swift in Sources */ = {isa = PBXBuildFile; fileRef = 0C7B37AC242C9879002E1E8F /* MovieSubject.swift */; };
		0C7B37AF242CB0FF002E1E8F /* ExtenTableView.swift in Sources */ = {isa = PBXBuildFile; fileRef = 0C7B37AE242CB0FF002E1E8F /* ExtenTableView.swift */; };
		0C7D25C8242B293B00742C91 /* MovieAPI.swift in Sources */ = {isa = PBXBuildFile; fileRef = 0C7D25C7242B293B00742C91 /* MovieAPI.swift */; };
		0C7D25CB242B3F3100742C91 /* MovieListViewController.swift in Sources */ = {isa = PBXBuildFile; fileRef = 0C7D25CA242B3F3100742C91 /* MovieListViewController.swift */; };
		0C7D25CD242B40F000742C91 /* TopMovieModel.swift in Sources */ = {isa = PBXBuildFile; fileRef = 0C7D25CC242B40F000742C91 /* TopMovieModel.swift */; };
		0C7D25D0242B485400742C91 /* SubjectModel.swift in Sources */ = {isa = PBXBuildFile; fileRef = 0C7D25CF242B485400742C91 /* SubjectModel.swift */; };
		0C7D25D2242B487000742C91 /* RatingModel.swift in Sources */ = {isa = PBXBuildFile; fileRef = 0C7D25D1242B487000742C91 /* RatingModel.swift */; };
		0C7D25D4242B48B900742C91 /* CelebrityModel.swift in Sources */ = {isa = PBXBuildFile; fileRef = 0C7D25D3242B48B900742C91 /* CelebrityModel.swift */; };
		0C7D25D6242B497800742C91 /* BoxSubjectModel.swift in Sources */ = {isa = PBXBuildFile; fileRef = 0C7D25D5242B497800742C91 /* BoxSubjectModel.swift */; };
		0C7D25D8242B499700742C91 /* WeeklySubjectModel.swift in Sources */ = {isa = PBXBuildFile; fileRef = 0C7D25D7242B499700742C91 /* WeeklySubjectModel.swift */; };
		0C7D25DA242B49C000742C91 /* USBoxModel.swift in Sources */ = {isa = PBXBuildFile; fileRef = 0C7D25D9242B49C000742C91 /* USBoxModel.swift */; };
		0C7D25DC242B49F000742C91 /* WeeklyBoxModel.swift in Sources */ = {isa = PBXBuildFile; fileRef = 0C7D25DB242B49F000742C91 /* WeeklyBoxModel.swift */; };
		0C7D25DE242B4A1800742C91 /* NewMovieModel.swift in Sources */ = {isa = PBXBuildFile; fileRef = 0C7D25DD242B4A1800742C91 /* NewMovieModel.swift */; };
		0C7D25E0242B4A7300742C91 /* InTheatersModel.swift in Sources */ = {isa = PBXBuildFile; fileRef = 0C7D25DF242B4A7300742C91 /* InTheatersModel.swift */; };
		0C7D25E2242B4AA500742C91 /* ComingSoonModel.swift in Sources */ = {isa = PBXBuildFile; fileRef = 0C7D25E1242B4AA500742C91 /* ComingSoonModel.swift */; };
		0CF177292429EAE5005657AE /* APIService.swift in Sources */ = {isa = PBXBuildFile; fileRef = 0CF177282429EAE5005657AE /* APIService.swift */; };
		0CF1772C2429EBE6005657AE /* APIProtocol.swift in Sources */ = {isa = PBXBuildFile; fileRef = 0CF1772B2429EBE6005657AE /* APIProtocol.swift */; };
		34C8744426B4EBBA738376BC /* libPods-HelloRxSwift.a in Frameworks */ = {isa = PBXBuildFile; fileRef = 27C97576FEFF47174EEA3ADB /* libPods-HelloRxSwift.a */; };
/* End PBXBuildFile section */

/* Begin PBXFileReference section */
		0C2D12CD2428681400182AD1 /* HelloRxSwift.app */ = {isa = PBXFileReference; explicitFileType = wrapper.application; includeInIndex = 0; path = HelloRxSwift.app; sourceTree = BUILT_PRODUCTS_DIR; };
		0C2D12D02428681400182AD1 /* AppDelegate.swift */ = {isa = PBXFileReference; lastKnownFileType = sourcecode.swift; path = AppDelegate.swift; sourceTree = "<group>"; };
		0C2D12D22428681400182AD1 /* SceneDelegate.swift */ = {isa = PBXFileReference; lastKnownFileType = sourcecode.swift; path = SceneDelegate.swift; sourceTree = "<group>"; };
		0C2D12D72428681400182AD1 /* Base */ = {isa = PBXFileReference; lastKnownFileType = file.storyboard; name = Base; path = Base.lproj/Main.storyboard; sourceTree = "<group>"; };
		0C2D12D92428681700182AD1 /* Assets.xcassets */ = {isa = PBXFileReference; lastKnownFileType = folder.assetcatalog; path = Assets.xcassets; sourceTree = "<group>"; };
		0C2D12DC2428681700182AD1 /* Base */ = {isa = PBXFileReference; lastKnownFileType = file.storyboard; name = Base; path = Base.lproj/LaunchScreen.storyboard; sourceTree = "<group>"; };
		0C2D12DE2428681700182AD1 /* Info.plist */ = {isa = PBXFileReference; lastKnownFileType = text.plist.xml; path = Info.plist; sourceTree = "<group>"; };
		0C6F34042431C33C00A48548 /* MovieDetailedViewController.swift */ = {isa = PBXFileReference; lastKnownFileType = sourcecode.swift; path = MovieDetailedViewController.swift; sourceTree = "<group>"; };
		0C6F34062431C35300A48548 /* MovieDetailedViewModel.swift */ = {isa = PBXFileReference; lastKnownFileType = sourcecode.swift; path = MovieDetailedViewModel.swift; sourceTree = "<group>"; };
		0C6F340B2431D3AB00A48548 /* MovieDetailedHeaderView.swift */ = {isa = PBXFileReference; lastKnownFileType = sourcecode.swift; path = MovieDetailedHeaderView.swift; sourceTree = "<group>"; };
		0C6F34132431EB7100A48548 /* CellConfigurable.swift */ = {isa = PBXFileReference; lastKnownFileType = sourcecode.swift; path = CellConfigurable.swift; sourceTree = "<group>"; };
		0C6F34172431ED5500A48548 /* MainInfoCell.swift */ = {isa = PBXFileReference; lastKnownFileType = sourcecode.swift; path = MainInfoCell.swift; sourceTree = "<group>"; };
		0C6F34182431ED5500A48548 /* MainInfoCell.xib */ = {isa = PBXFileReference; lastKnownFileType = file.xib; path = MainInfoCell.xib; sourceTree = "<group>"; };
		0C6F341B2431ED6800A48548 /* RatingCell.swift */ = {isa = PBXFileReference; lastKnownFileType = sourcecode.swift; path = RatingCell.swift; sourceTree = "<group>"; };
		0C6F341C2431ED6800A48548 /* RatingCell.xib */ = {isa = PBXFileReference; lastKnownFileType = file.xib; path = RatingCell.xib; sourceTree = "<group>"; };
		0C6F34212431ED9A00A48548 /* SummaryCell.swift */ = {isa = PBXFileReference; lastKnownFileType = sourcecode.swift; path = SummaryCell.swift; sourceTree = "<group>"; };
		0C6F34222431ED9A00A48548 /* SummaryCell.xib */ = {isa = PBXFileReference; lastKnownFileType = file.xib; path = SummaryCell.xib; sourceTree = "<group>"; };
		0C6F34252431EDB200A48548 /* CelebrityCell.swift */ = {isa = PBXFileReference; lastKnownFileType = sourcecode.swift; path = CelebrityCell.swift; sourceTree = "<group>"; };
		0C6F34262431EDB200A48548 /* CelebrityCell.xib */ = {isa = PBXFileReference; lastKnownFileType = file.xib; path = CelebrityCell.xib; sourceTree = "<group>"; };
		0C6F34292431EDC400A48548 /* PhotosCell.swift */ = {isa = PBXFileReference; lastKnownFileType = sourcecode.swift; path = PhotosCell.swift; sourceTree = "<group>"; };
		0C6F342A2431EDC400A48548 /* PhotosCell.xib */ = {isa = PBXFileReference; lastKnownFileType = file.xib; path = PhotosCell.xib; sourceTree = "<group>"; };
		0C6F342D2431EDEC00A48548 /* PopularReviewCell.swift */ = {isa = PBXFileReference; lastKnownFileType = sourcecode.swift; path = PopularReviewCell.swift; sourceTree = "<group>"; };
		0C6F342E2431EDEC00A48548 /* PopularReviewCell.xib */ = {isa = PBXFileReference; lastKnownFileType = file.xib; path = PopularReviewCell.xib; sourceTree = "<group>"; };
		0C7B3790242C4D49002E1E8F /* MovieListViewModel.swift */ = {isa = PBXFileReference; lastKnownFileType = sourcecode.swift; path = MovieListViewModel.swift; sourceTree = "<group>"; };
		0C7B3793242C4E5C002E1E8F /* ViewModelType.swift */ = {isa = PBXFileReference; lastKnownFileType = sourcecode.swift; path = ViewModelType.swift; sourceTree = "<group>"; };
		0C7B3797242C4F51002E1E8F /* ScrollableItemCell.swift */ = {isa = PBXFileReference; fileEncoding = 4; lastKnownFileType = sourcecode.swift; path = ScrollableItemCell.swift; sourceTree = "<group>"; };
		0C7B3798242C4F51002E1E8F /* ScrollableItemCell.xib */ = {isa = PBXFileReference; fileEncoding = 4; lastKnownFileType = file.xib; path = ScrollableItemCell.xib; sourceTree = "<group>"; };
		0C7B3799242C4F51002E1E8F /* ScrollableTabView.swift */ = {isa = PBXFileReference; fileEncoding = 4; lastKnownFileType = sourcecode.swift; path = ScrollableTabView.swift; sourceTree = "<group>"; };
		0C7B379E242C5322002E1E8F /* ExtenUIColor.swift */ = {isa = PBXFileReference; lastKnownFileType = sourcecode.swift; path = ExtenUIColor.swift; sourceTree = "<group>"; };
		0C7B37A0242C539A002E1E8F /* ExtenString.swift */ = {isa = PBXFileReference; lastKnownFileType = sourcecode.swift; path = ExtenString.swift; sourceTree = "<group>"; };
		0C7B37A2242C544D002E1E8F /* ExtenObservableType.swift */ = {isa = PBXFileReference; lastKnownFileType = sourcecode.swift; path = ExtenObservableType.swift; sourceTree = "<group>"; };
		0C7B37A5242C792F002E1E8F /* MovieListCell.swift */ = {isa = PBXFileReference; lastKnownFileType = sourcecode.swift; path = MovieListCell.swift; sourceTree = "<group>"; };
		0C7B37A6242C792F002E1E8F /* MovieListCell.xib */ = {isa = PBXFileReference; lastKnownFileType = file.xib; path = MovieListCell.xib; sourceTree = "<group>"; };
		0C7B37AA242C9436002E1E8F /* MovieList.swift */ = {isa = PBXFileReference; lastKnownFileType = sourcecode.swift; path = MovieList.swift; sourceTree = "<group>"; };
		0C7B37AC242C9879002E1E8F /* MovieSubject.swift */ = {isa = PBXFileReference; lastKnownFileType = sourcecode.swift; path = MovieSubject.swift; sourceTree = "<group>"; };
		0C7B37AE242CB0FF002E1E8F /* ExtenTableView.swift */ = {isa = PBXFileReference; lastKnownFileType = sourcecode.swift; path = ExtenTableView.swift; sourceTree = "<group>"; };
		0C7D25C7242B293B00742C91 /* MovieAPI.swift */ = {isa = PBXFileReference; lastKnownFileType = sourcecode.swift; path = MovieAPI.swift; sourceTree = "<group>"; };
		0C7D25CA242B3F3100742C91 /* MovieListViewController.swift */ = {isa = PBXFileReference; lastKnownFileType = sourcecode.swift; path = MovieListViewController.swift; sourceTree = "<group>"; };
		0C7D25CC242B40F000742C91 /* TopMovieModel.swift */ = {isa = PBXFileReference; lastKnownFileType = sourcecode.swift; path = TopMovieModel.swift; sourceTree = "<group>"; };
		0C7D25CF242B485400742C91 /* SubjectModel.swift */ = {isa = PBXFileReference; lastKnownFileType = sourcecode.swift; path = SubjectModel.swift; sourceTree = "<group>"; };
		0C7D25D1242B487000742C91 /* RatingModel.swift */ = {isa = PBXFileReference; lastKnownFileType = sourcecode.swift; path = RatingModel.swift; sourceTree = "<group>"; };
		0C7D25D3242B48B900742C91 /* CelebrityModel.swift */ = {isa = PBXFileReference; lastKnownFileType = sourcecode.swift; path = CelebrityModel.swift; sourceTree = "<group>"; };
		0C7D25D5242B497800742C91 /* BoxSubjectModel.swift */ = {isa = PBXFileReference; lastKnownFileType = sourcecode.swift; path = BoxSubjectModel.swift; sourceTree = "<group>"; };
		0C7D25D7242B499700742C91 /* WeeklySubjectModel.swift */ = {isa = PBXFileReference; lastKnownFileType = sourcecode.swift; path = WeeklySubjectModel.swift; sourceTree = "<group>"; };
		0C7D25D9242B49C000742C91 /* USBoxModel.swift */ = {isa = PBXFileReference; lastKnownFileType = sourcecode.swift; path = USBoxModel.swift; sourceTree = "<group>"; };
		0C7D25DB242B49F000742C91 /* WeeklyBoxModel.swift */ = {isa = PBXFileReference; lastKnownFileType = sourcecode.swift; path = WeeklyBoxModel.swift; sourceTree = "<group>"; };
		0C7D25DD242B4A1800742C91 /* NewMovieModel.swift */ = {isa = PBXFileReference; lastKnownFileType = sourcecode.swift; path = NewMovieModel.swift; sourceTree = "<group>"; };
		0C7D25DF242B4A7300742C91 /* InTheatersModel.swift */ = {isa = PBXFileReference; lastKnownFileType = sourcecode.swift; path = InTheatersModel.swift; sourceTree = "<group>"; };
		0C7D25E1242B4AA500742C91 /* ComingSoonModel.swift */ = {isa = PBXFileReference; lastKnownFileType = sourcecode.swift; path = ComingSoonModel.swift; sourceTree = "<group>"; };
		0CF177282429EAE5005657AE /* APIService.swift */ = {isa = PBXFileReference; lastKnownFileType = sourcecode.swift; path = APIService.swift; sourceTree = "<group>"; };
		0CF1772B2429EBE6005657AE /* APIProtocol.swift */ = {isa = PBXFileReference; lastKnownFileType = sourcecode.swift; path = APIProtocol.swift; sourceTree = "<group>"; };
		27C97576FEFF47174EEA3ADB /* libPods-HelloRxSwift.a */ = {isa = PBXFileReference; explicitFileType = archive.ar; includeInIndex = 0; path = "libPods-HelloRxSwift.a"; sourceTree = BUILT_PRODUCTS_DIR; };
		3BDB70144FB22CBAC5B7413E /* Pods-HelloRxSwift.release.xcconfig */ = {isa = PBXFileReference; includeInIndex = 1; lastKnownFileType = text.xcconfig; name = "Pods-HelloRxSwift.release.xcconfig"; path = "Pods/Target Support Files/Pods-HelloRxSwift/Pods-HelloRxSwift.release.xcconfig"; sourceTree = "<group>"; };
		C7676A21876522B81324C0B4 /* Pods-HelloRxSwift.debug.xcconfig */ = {isa = PBXFileReference; includeInIndex = 1; lastKnownFileType = text.xcconfig; name = "Pods-HelloRxSwift.debug.xcconfig"; path = "Pods/Target Support Files/Pods-HelloRxSwift/Pods-HelloRxSwift.debug.xcconfig"; sourceTree = "<group>"; };
/* End PBXFileReference section */

/* Begin PBXFrameworksBuildPhase section */
		0C2D12CA2428681400182AD1 /* Frameworks */ = {
			isa = PBXFrameworksBuildPhase;
			buildActionMask = 2147483647;
			files = (
				34C8744426B4EBBA738376BC /* libPods-HelloRxSwift.a in Frameworks */,
			);
			runOnlyForDeploymentPostprocessing = 0;
		};
/* End PBXFrameworksBuildPhase section */

/* Begin PBXGroup section */
		0C2D12C42428681400182AD1 = {
			isa = PBXGroup;
			children = (
				0C2D12CF2428681400182AD1 /* HelloRxSwift */,
				0C2D12CE2428681400182AD1 /* Products */,
				F2040475A20F4CBD9305774E /* Pods */,
				8B040DBE6CC932EB68A789AA /* Frameworks */,
			);
			sourceTree = "<group>";
		};
		0C2D12CE2428681400182AD1 /* Products */ = {
			isa = PBXGroup;
			children = (
				0C2D12CD2428681400182AD1 /* HelloRxSwift.app */,
			);
			name = Products;
			sourceTree = "<group>";
		};
		0C2D12CF2428681400182AD1 /* HelloRxSwift */ = {
			isa = PBXGroup;
			children = (
				0C7B379D242C52EA002E1E8F /* Extension */,
				0C7B3795242C4EF6002E1E8F /* SharedClass */,
				0C7B3792242C4E32002E1E8F /* Protocol */,
				0CF1772A2429EBB5005657AE /* Networking */,
				0C7B378F242C4D25002E1E8F /* MovieList */,
				0C6F34032431C2E600A48548 /* MovieDetailedView */,
				0C2D12D22428681400182AD1 /* SceneDelegate.swift */,
				0C2D12D02428681400182AD1 /* AppDelegate.swift */,
				0C2D12D62428681400182AD1 /* Main.storyboard */,
				0C2D12D92428681700182AD1 /* Assets.xcassets */,
				0C2D12DB2428681700182AD1 /* LaunchScreen.storyboard */,
				0C2D12DE2428681700182AD1 /* Info.plist */,
			);
			path = HelloRxSwift;
			sourceTree = "<group>";
		};
		0C6F34032431C2E600A48548 /* MovieDetailedView */ = {
			isa = PBXGroup;
			children = (
				0C6F340A2431D33B00A48548 /* Header */,
				0C6F34122431EB4200A48548 /* Cell */,
				0C6F34042431C33C00A48548 /* MovieDetailedViewController.swift */,
				0C6F34062431C35300A48548 /* MovieDetailedViewModel.swift */,
			);
			path = MovieDetailedView;
			sourceTree = "<group>";
		};
		0C6F34092431D32F00A48548 /* MainInfoCell */ = {
			isa = PBXGroup;
			children = (
				0C6F34172431ED5500A48548 /* MainInfoCell.swift */,
				0C6F34182431ED5500A48548 /* MainInfoCell.xib */,
			);
			path = MainInfoCell;
			sourceTree = "<group>";
		};
		0C6F340A2431D33B00A48548 /* Header */ = {
			isa = PBXGroup;
			children = (
				0C6F340B2431D3AB00A48548 /* MovieDetailedHeaderView.swift */,
			);
			path = Header;
			sourceTree = "<group>";
		};
		0C6F340D2431E98E00A48548 /* RatingCell */ = {
			isa = PBXGroup;
			children = (
				0C6F341B2431ED6800A48548 /* RatingCell.swift */,
				0C6F341C2431ED6800A48548 /* RatingCell.xib */,
			);
			path = RatingCell;
			sourceTree = "<group>";
		};
		0C6F340E2431E99D00A48548 /* SummaryCell */ = {
			isa = PBXGroup;
			children = (
				0C6F34212431ED9A00A48548 /* SummaryCell.swift */,
				0C6F34222431ED9A00A48548 /* SummaryCell.xib */,
			);
			path = SummaryCell;
			sourceTree = "<group>";
		};
		0C6F340F2431E9AD00A48548 /* CelebrityCell */ = {
			isa = PBXGroup;
			children = (
				0C6F34252431EDB200A48548 /* CelebrityCell.swift */,
				0C6F34262431EDB200A48548 /* CelebrityCell.xib */,
			);
			path = CelebrityCell;
			sourceTree = "<group>";
		};
		0C6F34102431E9BF00A48548 /* PhotosCell */ = {
			isa = PBXGroup;
			children = (
				0C6F34292431EDC400A48548 /* PhotosCell.swift */,
				0C6F342A2431EDC400A48548 /* PhotosCell.xib */,
			);
			path = PhotosCell;
			sourceTree = "<group>";
		};
		0C6F34112431E9CA00A48548 /* PopularReviewCell */ = {
			isa = PBXGroup;
			children = (
				0C6F342D2431EDEC00A48548 /* PopularReviewCell.swift */,
				0C6F342E2431EDEC00A48548 /* PopularReviewCell.xib */,
			);
			path = PopularReviewCell;
			sourceTree = "<group>";
		};
		0C6F34122431EB4200A48548 /* Cell */ = {
			isa = PBXGroup;
			children = (
				0C6F34132431EB7100A48548 /* CellConfigurable.swift */,
				0C6F34092431D32F00A48548 /* MainInfoCell */,
				0C6F340D2431E98E00A48548 /* RatingCell */,
				0C6F340E2431E99D00A48548 /* SummaryCell */,
				0C6F340F2431E9AD00A48548 /* CelebrityCell */,
				0C6F34102431E9BF00A48548 /* PhotosCell */,
				0C6F34112431E9CA00A48548 /* PopularReviewCell */,
			);
			path = Cell;
			sourceTree = "<group>";
		};
		0C7B378F242C4D25002E1E8F /* MovieList */ = {
			isa = PBXGroup;
			children = (
				0C7B37A4242C78BD002E1E8F /* Cell */,
				0C7D25CA242B3F3100742C91 /* MovieListViewController.swift */,
				0C7B3790242C4D49002E1E8F /* MovieListViewModel.swift */,
			);
			path = MovieList;
			sourceTree = "<group>";
		};
		0C7B3792242C4E32002E1E8F /* Protocol */ = {
			isa = PBXGroup;
			children = (
				0C7B3793242C4E5C002E1E8F /* ViewModelType.swift */,
				0C7B37AC242C9879002E1E8F /* MovieSubject.swift */,
				0C7B37AA242C9436002E1E8F /* MovieList.swift */,
			);
			path = Protocol;
			sourceTree = "<group>";
		};
		0C7B3795242C4EF6002E1E8F /* SharedClass */ = {
			isa = PBXGroup;
			children = (
				0C7B3796242C4F30002E1E8F /* ScrollableTabView */,
			);
			path = SharedClass;
			sourceTree = "<group>";
		};
		0C7B3796242C4F30002E1E8F /* ScrollableTabView */ = {
			isa = PBXGroup;
			children = (
				0C7B3797242C4F51002E1E8F /* ScrollableItemCell.swift */,
				0C7B3798242C4F51002E1E8F /* ScrollableItemCell.xib */,
				0C7B3799242C4F51002E1E8F /* ScrollableTabView.swift */,
			);
			path = ScrollableTabView;
			sourceTree = "<group>";
		};
		0C7B379D242C52EA002E1E8F /* Extension */ = {
			isa = PBXGroup;
			children = (
				0C7B379E242C5322002E1E8F /* ExtenUIColor.swift */,
				0C7B37A0242C539A002E1E8F /* ExtenString.swift */,
				0C7B37A2242C544D002E1E8F /* ExtenObservableType.swift */,
				0C7B37AE242CB0FF002E1E8F /* ExtenTableView.swift */,
			);
			path = Extension;
			sourceTree = "<group>";
		};
		0C7B37A4242C78BD002E1E8F /* Cell */ = {
			isa = PBXGroup;
			children = (
				0C7B37A5242C792F002E1E8F /* MovieListCell.swift */,
				0C7B37A6242C792F002E1E8F /* MovieListCell.xib */,
			);
			path = Cell;
			sourceTree = "<group>";
		};
		0C7D25CE242B483400742C91 /* Models */ = {
			isa = PBXGroup;
			children = (
				0C7D25E3242B4C7000742C91 /* MovieListModels */,
				0C7D25D1242B487000742C91 /* RatingModel.swift */,
				0C7D25D3242B48B900742C91 /* CelebrityModel.swift */,
				0C7D25CF242B485400742C91 /* SubjectModel.swift */,
				0C7D25D5242B497800742C91 /* BoxSubjectModel.swift */,
				0C7D25D7242B499700742C91 /* WeeklySubjectModel.swift */,
			);
			path = Models;
			sourceTree = "<group>";
		};
		0C7D25E3242B4C7000742C91 /* MovieListModels */ = {
			isa = PBXGroup;
			children = (
				0C7D25CC242B40F000742C91 /* TopMovieModel.swift */,
				0C7D25D9242B49C000742C91 /* USBoxModel.swift */,
				0C7D25DB242B49F000742C91 /* WeeklyBoxModel.swift */,
				0C7D25DD242B4A1800742C91 /* NewMovieModel.swift */,
				0C7D25DF242B4A7300742C91 /* InTheatersModel.swift */,
				0C7D25E1242B4AA500742C91 /* ComingSoonModel.swift */,
			);
			path = MovieListModels;
			sourceTree = "<group>";
		};
		0CF1772A2429EBB5005657AE /* Networking */ = {
			isa = PBXGroup;
			children = (
				0C7D25CE242B483400742C91 /* Models */,
				0CF1772B2429EBE6005657AE /* APIProtocol.swift */,
				0CF177282429EAE5005657AE /* APIService.swift */,
				0C7D25C7242B293B00742C91 /* MovieAPI.swift */,
			);
			path = Networking;
			sourceTree = "<group>";
		};
		8B040DBE6CC932EB68A789AA /* Frameworks */ = {
			isa = PBXGroup;
			children = (
				27C97576FEFF47174EEA3ADB /* libPods-HelloRxSwift.a */,
			);
			name = Frameworks;
			sourceTree = "<group>";
		};
		F2040475A20F4CBD9305774E /* Pods */ = {
			isa = PBXGroup;
			children = (
				C7676A21876522B81324C0B4 /* Pods-HelloRxSwift.debug.xcconfig */,
				3BDB70144FB22CBAC5B7413E /* Pods-HelloRxSwift.release.xcconfig */,
			);
			name = Pods;
			sourceTree = "<group>";
		};
/* End PBXGroup section */

/* Begin PBXNativeTarget section */
		0C2D12CC2428681400182AD1 /* HelloRxSwift */ = {
			isa = PBXNativeTarget;
			buildConfigurationList = 0C2D12E12428681700182AD1 /* Build configuration list for PBXNativeTarget "HelloRxSwift" */;
			buildPhases = (
				41493AEDD3DC200F254F8AEE /* [CP] Check Pods Manifest.lock */,
				0C2D12C92428681400182AD1 /* Sources */,
				0C2D12CA2428681400182AD1 /* Frameworks */,
				0C2D12CB2428681400182AD1 /* Resources */,
			);
			buildRules = (
			);
			dependencies = (
			);
			name = HelloRxSwift;
			productName = HelloRxSwift;
			productReference = 0C2D12CD2428681400182AD1 /* HelloRxSwift.app */;
			productType = "com.apple.product-type.application";
		};
/* End PBXNativeTarget section */

/* Begin PBXProject section */
		0C2D12C52428681400182AD1 /* Project object */ = {
			isa = PBXProject;
			attributes = {
				LastSwiftUpdateCheck = 1130;
				LastUpgradeCheck = 1130;
				ORGANIZATIONNAME = "ST_Ben.Huang 黃韋韜";
				TargetAttributes = {
					0C2D12CC2428681400182AD1 = {
						CreatedOnToolsVersion = 11.3.1;
					};
				};
			};
			buildConfigurationList = 0C2D12C82428681400182AD1 /* Build configuration list for PBXProject "HelloRxSwift" */;
			compatibilityVersion = "Xcode 9.3";
			developmentRegion = en;
			hasScannedForEncodings = 0;
			knownRegions = (
				en,
				Base,
			);
			mainGroup = 0C2D12C42428681400182AD1;
			productRefGroup = 0C2D12CE2428681400182AD1 /* Products */;
			projectDirPath = "";
			projectRoot = "";
			targets = (
				0C2D12CC2428681400182AD1 /* HelloRxSwift */,
			);
		};
/* End PBXProject section */

/* Begin PBXResourcesBuildPhase section */
		0C2D12CB2428681400182AD1 /* Resources */ = {
			isa = PBXResourcesBuildPhase;
			buildActionMask = 2147483647;
			files = (
				0C2D12DD2428681700182AD1 /* LaunchScreen.storyboard in Resources */,
				0C7B379B242C4F51002E1E8F /* ScrollableItemCell.xib in Resources */,
				0C6F34302431EDEC00A48548 /* PopularReviewCell.xib in Resources */,
				0C6F341E2431ED6800A48548 /* RatingCell.xib in Resources */,
				0C2D12DA2428681700182AD1 /* Assets.xcassets in Resources */,
				0C7B37A8242C792F002E1E8F /* MovieListCell.xib in Resources */,
				0C6F34282431EDB200A48548 /* CelebrityCell.xib in Resources */,
				0C6F341A2431ED5500A48548 /* MainInfoCell.xib in Resources */,
				0C6F34242431ED9A00A48548 /* SummaryCell.xib in Resources */,
				0C6F342C2431EDC400A48548 /* PhotosCell.xib in Resources */,
				0C2D12D82428681400182AD1 /* Main.storyboard in Resources */,
			);
			runOnlyForDeploymentPostprocessing = 0;
		};
/* End PBXResourcesBuildPhase section */

/* Begin PBXShellScriptBuildPhase section */
		41493AEDD3DC200F254F8AEE /* [CP] Check Pods Manifest.lock */ = {
			isa = PBXShellScriptBuildPhase;
			buildActionMask = 2147483647;
			files = (
			);
			inputPaths = (
				"${PODS_PODFILE_DIR_PATH}/Podfile.lock",
				"${PODS_ROOT}/Manifest.lock",
			);
			name = "[CP] Check Pods Manifest.lock";
			outputPaths = (
				"$(DERIVED_FILE_DIR)/Pods-HelloRxSwift-checkManifestLockResult.txt",
			);
			runOnlyForDeploymentPostprocessing = 0;
			shellPath = /bin/sh;
			shellScript = "diff \"${PODS_PODFILE_DIR_PATH}/Podfile.lock\" \"${PODS_ROOT}/Manifest.lock\" > /dev/null\nif [ $? != 0 ] ; then\n    # print error to STDERR\n    echo \"error: The sandbox is not in sync with the Podfile.lock. Run 'pod install' or update your CocoaPods installation.\" >&2\n    exit 1\nfi\n# This output is used by Xcode 'outputs' to avoid re-running this script phase.\necho \"SUCCESS\" > \"${SCRIPT_OUTPUT_FILE_0}\"\n";
			showEnvVarsInLog = 0;
		};
/* End PBXShellScriptBuildPhase section */

/* Begin PBXSourcesBuildPhase section */
		0C2D12C92428681400182AD1 /* Sources */ = {
			isa = PBXSourcesBuildPhase;
			buildActionMask = 2147483647;
			files = (
				0C7D25C8242B293B00742C91 /* MovieAPI.swift in Sources */,
				0C2D12D12428681400182AD1 /* AppDelegate.swift in Sources */,
				0C6F34142431EB7100A48548 /* CellConfigurable.swift in Sources */,
				0C7D25DE242B4A1800742C91 /* NewMovieModel.swift in Sources */,
				0C7B379C242C4F51002E1E8F /* ScrollableTabView.swift in Sources */,
				0C6F34052431C33C00A48548 /* MovieDetailedViewController.swift in Sources */,
				0CF177292429EAE5005657AE /* APIService.swift in Sources */,
				0C7D25D2242B487000742C91 /* RatingModel.swift in Sources */,
				0C7B379F242C5322002E1E8F /* ExtenUIColor.swift in Sources */,
				0C6F34232431ED9A00A48548 /* SummaryCell.swift in Sources */,
				0C7D25D6242B497800742C91 /* BoxSubjectModel.swift in Sources */,
				0C7D25D8242B499700742C91 /* WeeklySubjectModel.swift in Sources */,
				0C7D25CD242B40F000742C91 /* TopMovieModel.swift in Sources */,
				0C7B37AB242C9436002E1E8F /* MovieList.swift in Sources */,
				0C7D25E0242B4A7300742C91 /* InTheatersModel.swift in Sources */,
				0C7D25CB242B3F3100742C91 /* MovieListViewController.swift in Sources */,
				0C7D25DC242B49F000742C91 /* WeeklyBoxModel.swift in Sources */,
				0C6F342F2431EDEC00A48548 /* PopularReviewCell.swift in Sources */,
				0C6F34072431C35300A48548 /* MovieDetailedViewModel.swift in Sources */,
				0C6F34192431ED5500A48548 /* MainInfoCell.swift in Sources */,
				0C7B37A1242C539A002E1E8F /* ExtenString.swift in Sources */,
				0C6F340C2431D3AB00A48548 /* MovieDetailedHeaderView.swift in Sources */,
				0C6F341D2431ED6800A48548 /* RatingCell.swift in Sources */,
				0C7D25E2242B4AA500742C91 /* ComingSoonModel.swift in Sources */,
				0C7B37AD242C9879002E1E8F /* MovieSubject.swift in Sources */,
				0C7B37A3242C544D002E1E8F /* ExtenObservableType.swift in Sources */,
				0C6F342B2431EDC400A48548 /* PhotosCell.swift in Sources */,
				0CF1772C2429EBE6005657AE /* APIProtocol.swift in Sources */,
				0C7B379A242C4F51002E1E8F /* ScrollableItemCell.swift in Sources */,
				0C7D25D4242B48B900742C91 /* CelebrityModel.swift in Sources */,
				0C7D25D0242B485400742C91 /* SubjectModel.swift in Sources */,
				0C7B37A7242C792F002E1E8F /* MovieListCell.swift in Sources */,
				0C7D25DA242B49C000742C91 /* USBoxModel.swift in Sources */,
				0C7B3794242C4E5C002E1E8F /* ViewModelType.swift in Sources */,
				0C2D12D32428681400182AD1 /* SceneDelegate.swift in Sources */,
				0C6F34272431EDB200A48548 /* CelebrityCell.swift in Sources */,
				0C7B37AF242CB0FF002E1E8F /* ExtenTableView.swift in Sources */,
				0C7B3791242C4D49002E1E8F /* MovieListViewModel.swift in Sources */,
			);
			runOnlyForDeploymentPostprocessing = 0;
		};
/* End PBXSourcesBuildPhase section */

/* Begin PBXVariantGroup section */
		0C2D12D62428681400182AD1 /* Main.storyboard */ = {
			isa = PBXVariantGroup;
			children = (
				0C2D12D72428681400182AD1 /* Base */,
			);
			name = Main.storyboard;
			sourceTree = "<group>";
		};
		0C2D12DB2428681700182AD1 /* LaunchScreen.storyboard */ = {
			isa = PBXVariantGroup;
			children = (
				0C2D12DC2428681700182AD1 /* Base */,
			);
			name = LaunchScreen.storyboard;
			sourceTree = "<group>";
		};
/* End PBXVariantGroup section */

/* Begin XCBuildConfiguration section */
		0C2D12DF2428681700182AD1 /* Debug */ = {
			isa = XCBuildConfiguration;
			buildSettings = {
				ALWAYS_SEARCH_USER_PATHS = NO;
				CLANG_ANALYZER_NONNULL = YES;
				CLANG_ANALYZER_NUMBER_OBJECT_CONVERSION = YES_AGGRESSIVE;
				CLANG_CXX_LANGUAGE_STANDARD = "gnu++14";
				CLANG_CXX_LIBRARY = "libc++";
				CLANG_ENABLE_MODULES = YES;
				CLANG_ENABLE_OBJC_ARC = YES;
				CLANG_ENABLE_OBJC_WEAK = YES;
				CLANG_WARN_BLOCK_CAPTURE_AUTORELEASING = YES;
				CLANG_WARN_BOOL_CONVERSION = YES;
				CLANG_WARN_COMMA = YES;
				CLANG_WARN_CONSTANT_CONVERSION = YES;
				CLANG_WARN_DEPRECATED_OBJC_IMPLEMENTATIONS = YES;
				CLANG_WARN_DIRECT_OBJC_ISA_USAGE = YES_ERROR;
				CLANG_WARN_DOCUMENTATION_COMMENTS = YES;
				CLANG_WARN_EMPTY_BODY = YES;
				CLANG_WARN_ENUM_CONVERSION = YES;
				CLANG_WARN_INFINITE_RECURSION = YES;
				CLANG_WARN_INT_CONVERSION = YES;
				CLANG_WARN_NON_LITERAL_NULL_CONVERSION = YES;
				CLANG_WARN_OBJC_IMPLICIT_RETAIN_SELF = YES;
				CLANG_WARN_OBJC_LITERAL_CONVERSION = YES;
				CLANG_WARN_OBJC_ROOT_CLASS = YES_ERROR;
				CLANG_WARN_RANGE_LOOP_ANALYSIS = YES;
				CLANG_WARN_STRICT_PROTOTYPES = YES;
				CLANG_WARN_SUSPICIOUS_MOVE = YES;
				CLANG_WARN_UNGUARDED_AVAILABILITY = YES_AGGRESSIVE;
				CLANG_WARN_UNREACHABLE_CODE = YES;
				CLANG_WARN__DUPLICATE_METHOD_MATCH = YES;
				COPY_PHASE_STRIP = NO;
				DEBUG_INFORMATION_FORMAT = dwarf;
				ENABLE_STRICT_OBJC_MSGSEND = YES;
				ENABLE_TESTABILITY = YES;
				GCC_C_LANGUAGE_STANDARD = gnu11;
				GCC_DYNAMIC_NO_PIC = NO;
				GCC_NO_COMMON_BLOCKS = YES;
				GCC_OPTIMIZATION_LEVEL = 0;
				GCC_PREPROCESSOR_DEFINITIONS = (
					"DEBUG=1",
					"$(inherited)",
				);
				GCC_WARN_64_TO_32_BIT_CONVERSION = YES;
				GCC_WARN_ABOUT_RETURN_TYPE = YES_ERROR;
				GCC_WARN_UNDECLARED_SELECTOR = YES;
				GCC_WARN_UNINITIALIZED_AUTOS = YES_AGGRESSIVE;
				GCC_WARN_UNUSED_FUNCTION = YES;
				GCC_WARN_UNUSED_VARIABLE = YES;
				IPHONEOS_DEPLOYMENT_TARGET = 13.2;
				MTL_ENABLE_DEBUG_INFO = INCLUDE_SOURCE;
				MTL_FAST_MATH = YES;
				ONLY_ACTIVE_ARCH = YES;
				SDKROOT = iphoneos;
				SWIFT_ACTIVE_COMPILATION_CONDITIONS = DEBUG;
				SWIFT_OPTIMIZATION_LEVEL = "-Onone";
			};
			name = Debug;
		};
		0C2D12E02428681700182AD1 /* Release */ = {
			isa = XCBuildConfiguration;
			buildSettings = {
				ALWAYS_SEARCH_USER_PATHS = NO;
				CLANG_ANALYZER_NONNULL = YES;
				CLANG_ANALYZER_NUMBER_OBJECT_CONVERSION = YES_AGGRESSIVE;
				CLANG_CXX_LANGUAGE_STANDARD = "gnu++14";
				CLANG_CXX_LIBRARY = "libc++";
				CLANG_ENABLE_MODULES = YES;
				CLANG_ENABLE_OBJC_ARC = YES;
				CLANG_ENABLE_OBJC_WEAK = YES;
				CLANG_WARN_BLOCK_CAPTURE_AUTORELEASING = YES;
				CLANG_WARN_BOOL_CONVERSION = YES;
				CLANG_WARN_COMMA = YES;
				CLANG_WARN_CONSTANT_CONVERSION = YES;
				CLANG_WARN_DEPRECATED_OBJC_IMPLEMENTATIONS = YES;
				CLANG_WARN_DIRECT_OBJC_ISA_USAGE = YES_ERROR;
				CLANG_WARN_DOCUMENTATION_COMMENTS = YES;
				CLANG_WARN_EMPTY_BODY = YES;
				CLANG_WARN_ENUM_CONVERSION = YES;
				CLANG_WARN_INFINITE_RECURSION = YES;
				CLANG_WARN_INT_CONVERSION = YES;
				CLANG_WARN_NON_LITERAL_NULL_CONVERSION = YES;
				CLANG_WARN_OBJC_IMPLICIT_RETAIN_SELF = YES;
				CLANG_WARN_OBJC_LITERAL_CONVERSION = YES;
				CLANG_WARN_OBJC_ROOT_CLASS = YES_ERROR;
				CLANG_WARN_RANGE_LOOP_ANALYSIS = YES;
				CLANG_WARN_STRICT_PROTOTYPES = YES;
				CLANG_WARN_SUSPICIOUS_MOVE = YES;
				CLANG_WARN_UNGUARDED_AVAILABILITY = YES_AGGRESSIVE;
				CLANG_WARN_UNREACHABLE_CODE = YES;
				CLANG_WARN__DUPLICATE_METHOD_MATCH = YES;
				COPY_PHASE_STRIP = NO;
				DEBUG_INFORMATION_FORMAT = "dwarf-with-dsym";
				ENABLE_NS_ASSERTIONS = NO;
				ENABLE_STRICT_OBJC_MSGSEND = YES;
				GCC_C_LANGUAGE_STANDARD = gnu11;
				GCC_NO_COMMON_BLOCKS = YES;
				GCC_WARN_64_TO_32_BIT_CONVERSION = YES;
				GCC_WARN_ABOUT_RETURN_TYPE = YES_ERROR;
				GCC_WARN_UNDECLARED_SELECTOR = YES;
				GCC_WARN_UNINITIALIZED_AUTOS = YES_AGGRESSIVE;
				GCC_WARN_UNUSED_FUNCTION = YES;
				GCC_WARN_UNUSED_VARIABLE = YES;
				IPHONEOS_DEPLOYMENT_TARGET = 13.2;
				MTL_ENABLE_DEBUG_INFO = NO;
				MTL_FAST_MATH = YES;
				SDKROOT = iphoneos;
				SWIFT_COMPILATION_MODE = wholemodule;
				SWIFT_OPTIMIZATION_LEVEL = "-O";
				VALIDATE_PRODUCT = YES;
			};
			name = Release;
		};
		0C2D12E22428681700182AD1 /* Debug */ = {
			isa = XCBuildConfiguration;
			baseConfigurationReference = C7676A21876522B81324C0B4 /* Pods-HelloRxSwift.debug.xcconfig */;
			buildSettings = {
				ASSETCATALOG_COMPILER_APPICON_NAME = AppIcon;
				CODE_SIGN_STYLE = Automatic;
				DEVELOPMENT_TEAM = 43Z3222T2H;
				INFOPLIST_FILE = HelloRxSwift/Info.plist;
				LD_RUNPATH_SEARCH_PATHS = (
					"$(inherited)",
					"@executable_path/Frameworks",
				);
				PRODUCT_BUNDLE_IDENTIFIER = test.HelloRxSwift;
				PRODUCT_NAME = "$(TARGET_NAME)";
				SWIFT_VERSION = 5.0;
				TARGETED_DEVICE_FAMILY = "1,2";
			};
			name = Debug;
		};
		0C2D12E32428681700182AD1 /* Release */ = {
			isa = XCBuildConfiguration;
			baseConfigurationReference = 3BDB70144FB22CBAC5B7413E /* Pods-HelloRxSwift.release.xcconfig */;
			buildSettings = {
				ASSETCATALOG_COMPILER_APPICON_NAME = AppIcon;
				CODE_SIGN_STYLE = Automatic;
				DEVELOPMENT_TEAM = 43Z3222T2H;
				INFOPLIST_FILE = HelloRxSwift/Info.plist;
				LD_RUNPATH_SEARCH_PATHS = (
					"$(inherited)",
					"@executable_path/Frameworks",
				);
				PRODUCT_BUNDLE_IDENTIFIER = test.HelloRxSwift;
				PRODUCT_NAME = "$(TARGET_NAME)";
				SWIFT_VERSION = 5.0;
				TARGETED_DEVICE_FAMILY = "1,2";
			};
			name = Release;
		};
/* End XCBuildConfiguration section */

/* Begin XCConfigurationList section */
		0C2D12C82428681400182AD1 /* Build configuration list for PBXProject "HelloRxSwift" */ = {
			isa = XCConfigurationList;
			buildConfigurations = (
				0C2D12DF2428681700182AD1 /* Debug */,
				0C2D12E02428681700182AD1 /* Release */,
			);
			defaultConfigurationIsVisible = 0;
			defaultConfigurationName = Release;
		};
		0C2D12E12428681700182AD1 /* Build configuration list for PBXNativeTarget "HelloRxSwift" */ = {
			isa = XCConfigurationList;
			buildConfigurations = (
				0C2D12E22428681700182AD1 /* Debug */,
				0C2D12E32428681700182AD1 /* Release */,
			);
			defaultConfigurationIsVisible = 0;
			defaultConfigurationName = Release;
		};
/* End XCConfigurationList section */
	};
	rootObject = 0C2D12C52428681400182AD1 /* Project object */;
}
